// !$*UTF8*$!
{
	archiveVersion = 1;
	classes = {
	};
	objectVersion = 50;
	objects = {

/* Begin PBXBuildFile section */
		D906D6B6213E6AB700845816 /* Shorthand(en).md in Resources */ = {isa = PBXBuildFile; fileRef = D906D6B5213E6AB700845816 /* Shorthand(en).md */; };
		D906D6B8213E6AC300845816 /* Shorthand(zh-Hans).md in Resources */ = {isa = PBXBuildFile; fileRef = D906D6B7213E6AC300845816 /* Shorthand(zh-Hans).md */; };
		D9116BCB2201C49300EBDA40 /* Common(zh-Hans).md in Resources */ = {isa = PBXBuildFile; fileRef = D9116BCA2201C49200EBDA40 /* Common(zh-Hans).md */; };
		D9116BCD2201C49D00EBDA40 /* Common(zh-Hant).md in Resources */ = {isa = PBXBuildFile; fileRef = D9116BCC2201C49D00EBDA40 /* Common(zh-Hant).md */; };
		D9116BCF2201C4A700EBDA40 /* Common(en).md in Resources */ = {isa = PBXBuildFile; fileRef = D9116BCE2201C4A700EBDA40 /* Common(en).md */; };
		D931592D21008000009EC4D4 /* AppDelegate.swift in Sources */ = {isa = PBXBuildFile; fileRef = D931592C21008000009EC4D4 /* AppDelegate.swift */; };
		D931592F21008000009EC4D4 /* ViewController.swift in Sources */ = {isa = PBXBuildFile; fileRef = D931592E21008000009EC4D4 /* ViewController.swift */; };
		D931593221008000009EC4D4 /* Main.storyboard in Resources */ = {isa = PBXBuildFile; fileRef = D931593021008000009EC4D4 /* Main.storyboard */; };
		D931593421008001009EC4D4 /* Assets.xcassets in Resources */ = {isa = PBXBuildFile; fileRef = D931593321008001009EC4D4 /* Assets.xcassets */; };
		D931593721008001009EC4D4 /* LaunchScreen.storyboard in Resources */ = {isa = PBXBuildFile; fileRef = D931593521008001009EC4D4 /* LaunchScreen.storyboard */; };
		D9315942210080DA009EC4D4 /* Regular(zh-Hans).md in Resources */ = {isa = PBXBuildFile; fileRef = D9315941210080DA009EC4D4 /* Regular(zh-Hans).md */; };
		D93159442100A15F009EC4D4 /* Regular(en).md in Resources */ = {isa = PBXBuildFile; fileRef = D93159432100A15F009EC4D4 /* Regular(en).md */; };
		D9ABF5E22141641100678210 /* Shorthand(zh-Hant).md in Resources */ = {isa = PBXBuildFile; fileRef = D9ABF5E12141641100678210 /* Shorthand(zh-Hant).md */; };
		D9E8110E214A9B1800362E48 /* Regular(zh-Hant).md in Resources */ = {isa = PBXBuildFile; fileRef = D9E8110D214A9B1800362E48 /* Regular(zh-Hant).md */; };
		D9E81110214A9B6000362E48 /* Begins(zh-Hant).md in Resources */ = {isa = PBXBuildFile; fileRef = D9E8110F214A9B6000362E48 /* Begins(zh-Hant).md */; };
/* End PBXBuildFile section */

/* Begin PBXFileReference section */
		D906D6B5213E6AB700845816 /* Shorthand(en).md */ = {isa = PBXFileReference; lastKnownFileType = net.daringfireball.markdown; path = "Shorthand(en).md"; sourceTree = "<group>"; };
		D906D6B7213E6AC300845816 /* Shorthand(zh-Hans).md */ = {isa = PBXFileReference; lastKnownFileType = net.daringfireball.markdown; path = "Shorthand(zh-Hans).md"; sourceTree = "<group>"; };
		D9116BCA2201C49200EBDA40 /* Common(zh-Hans).md */ = {isa = PBXFileReference; lastKnownFileType = net.daringfireball.markdown; path = "Common(zh-Hans).md"; sourceTree = "<group>"; };
		D9116BCC2201C49D00EBDA40 /* Common(zh-Hant).md */ = {isa = PBXFileReference; lastKnownFileType = net.daringfireball.markdown; path = "Common(zh-Hant).md"; sourceTree = "<group>"; };
		D9116BCE2201C4A700EBDA40 /* Common(en).md */ = {isa = PBXFileReference; lastKnownFileType = net.daringfireball.markdown; path = "Common(en).md"; sourceTree = "<group>"; };
		D931592921007FFF009EC4D4 /* Privacy.app */ = {isa = PBXFileReference; explicitFileType = wrapper.application; includeInIndex = 0; path = Privacy.app; sourceTree = BUILT_PRODUCTS_DIR; };
		D931592C21008000009EC4D4 /* AppDelegate.swift */ = {isa = PBXFileReference; lastKnownFileType = sourcecode.swift; path = AppDelegate.swift; sourceTree = "<group>"; };
		D931592E21008000009EC4D4 /* ViewController.swift */ = {isa = PBXFileReference; lastKnownFileType = sourcecode.swift; path = ViewController.swift; sourceTree = "<group>"; };
		D931593121008000009EC4D4 /* Base */ = {isa = PBXFileReference; lastKnownFileType = file.storyboard; name = Base; path = Base.lproj/Main.storyboard; sourceTree = "<group>"; };
		D931593321008001009EC4D4 /* Assets.xcassets */ = {isa = PBXFileReference; lastKnownFileType = folder.assetcatalog; path = Assets.xcassets; sourceTree = "<group>"; };
		D931593621008001009EC4D4 /* Base */ = {isa = PBXFileReference; lastKnownFileType = file.storyboard; name = Base; path = Base.lproj/LaunchScreen.storyboard; sourceTree = "<group>"; };
		D931593821008001009EC4D4 /* Info.plist */ = {isa = PBXFileReference; lastKnownFileType = text.plist.xml; path = Info.plist; sourceTree = "<group>"; };
		D9315941210080DA009EC4D4 /* Regular(zh-Hans).md */ = {isa = PBXFileReference; lastKnownFileType = net.daringfireball.markdown; path = "Regular(zh-Hans).md"; sourceTree = "<group>"; };
		D93159432100A15F009EC4D4 /* Regular(en).md */ = {isa = PBXFileReference; lastKnownFileType = net.daringfireball.markdown; path = "Regular(en).md"; sourceTree = "<group>"; };
		D93159452100A868009EC4D4 /* Begins(zh-Hans).md */ = {isa = PBXFileReference; lastKnownFileType = net.daringfireball.markdown; path = "Begins(zh-Hans).md"; sourceTree = "<group>"; };
		D93159462100A875009EC4D4 /* Begins(en).md */ = {isa = PBXFileReference; lastKnownFileType = net.daringfireball.markdown; path = "Begins(en).md"; sourceTree = "<group>"; };
		D9ABF5E12141641100678210 /* Shorthand(zh-Hant).md */ = {isa = PBXFileReference; lastKnownFileType = net.daringfireball.markdown; path = "Shorthand(zh-Hant).md"; sourceTree = "<group>"; };
		D9E8110D214A9B1800362E48 /* Regular(zh-Hant).md */ = {isa = PBXFileReference; lastKnownFileType = net.daringfireball.markdown; path = "Regular(zh-Hant).md"; sourceTree = "<group>"; };
		D9E8110F214A9B6000362E48 /* Begins(zh-Hant).md */ = {isa = PBXFileReference; lastKnownFileType = net.daringfireball.markdown; path = "Begins(zh-Hant).md"; sourceTree = "<group>"; };
/* End PBXFileReference section */

/* Begin PBXFrameworksBuildPhase section */
		D931592621007FFF009EC4D4 /* Frameworks */ = {
			isa = PBXFrameworksBuildPhase;
			buildActionMask = 2147483647;
			files = (
			);
			runOnlyForDeploymentPostprocessing = 0;
		};
/* End PBXFrameworksBuildPhase section */

/* Begin PBXGroup section */
		D931592021007FFF009EC4D4 = {
			isa = PBXGroup;
			children = (
				D931592B21007FFF009EC4D4 /* Privacy */,
				D931592A21007FFF009EC4D4 /* Products */,
			);
			sourceTree = "<group>";
		};
		D931592A21007FFF009EC4D4 /* Products */ = {
			isa = PBXGroup;
			children = (
				D931592921007FFF009EC4D4 /* Privacy.app */,
			);
			name = Products;
			sourceTree = "<group>";
		};
		D931592B21007FFF009EC4D4 /* Privacy */ = {
			isa = PBXGroup;
			children = (
				D93159432100A15F009EC4D4 /* Regular(en).md */,
				D9315941210080DA009EC4D4 /* Regular(zh-Hans).md */,
				D9E8110D214A9B1800362E48 /* Regular(zh-Hant).md */,
				D93159462100A875009EC4D4 /* Begins(en).md */,
				D93159452100A868009EC4D4 /* Begins(zh-Hans).md */,
				D9E8110F214A9B6000362E48 /* Begins(zh-Hant).md */,
				D906D6B5213E6AB700845816 /* Shorthand(en).md */,
				D906D6B7213E6AC300845816 /* Shorthand(zh-Hans).md */,
				D9ABF5E12141641100678210 /* Shorthand(zh-Hant).md */,
				D9116BCA2201C49200EBDA40 /* Common(zh-Hans).md */,
				D9116BCC2201C49D00EBDA40 /* Common(zh-Hant).md */,
				D9116BCE2201C4A700EBDA40 /* Common(en).md */,
				D93159402100809F009EC4D4 /* Supporting Files */,
			);
			path = Privacy;
			sourceTree = "<group>";
		};
		D93159402100809F009EC4D4 /* Supporting Files */ = {
			isa = PBXGroup;
			children = (
				D931592C21008000009EC4D4 /* AppDelegate.swift */,
				D931592E21008000009EC4D4 /* ViewController.swift */,
				D931593021008000009EC4D4 /* Main.storyboard */,
				D931593321008001009EC4D4 /* Assets.xcassets */,
				D931593521008001009EC4D4 /* LaunchScreen.storyboard */,
				D931593821008001009EC4D4 /* Info.plist */,
			);
			name = "Supporting Files";
			sourceTree = "<group>";
		};
/* End PBXGroup section */

/* Begin PBXNativeTarget section */
		D931592821007FFF009EC4D4 /* Privacy */ = {
			isa = PBXNativeTarget;
			buildConfigurationList = D931593B21008001009EC4D4 /* Build configuration list for PBXNativeTarget "Privacy" */;
			buildPhases = (
				D931592521007FFF009EC4D4 /* Sources */,
				D931592621007FFF009EC4D4 /* Frameworks */,
				D931592721007FFF009EC4D4 /* Resources */,
			);
			buildRules = (
			);
			dependencies = (
			);
			name = Privacy;
			productName = Privacy;
			productReference = D931592921007FFF009EC4D4 /* Privacy.app */;
			productType = "com.apple.product-type.application";
		};
/* End PBXNativeTarget section */

/* Begin PBXProject section */
		D931592121007FFF009EC4D4 /* Project object */ = {
			isa = PBXProject;
			attributes = {
				LastSwiftUpdateCheck = 0940;
				LastUpgradeCheck = 0940;
				ORGANIZATIONNAME = "zhi zhou";
				TargetAttributes = {
					D931592821007FFF009EC4D4 = {
						CreatedOnToolsVersion = 9.4.1;
					};
				};
			};
			buildConfigurationList = D931592421007FFF009EC4D4 /* Build configuration list for PBXProject "Privacy" */;
			compatibilityVersion = "Xcode 9.3";
			developmentRegion = en;
			hasScannedForEncodings = 0;
			knownRegions = (
				en,
				Base,
			);
			mainGroup = D931592021007FFF009EC4D4;
			productRefGroup = D931592A21007FFF009EC4D4 /* Products */;
			projectDirPath = "";
			projectRoot = "";
			targets = (
				D931592821007FFF009EC4D4 /* Privacy */,
			);
		};
/* End PBXProject section */

/* Begin PBXResourcesBuildPhase section */
		D931592721007FFF009EC4D4 /* Resources */ = {
			isa = PBXResourcesBuildPhase;
			buildActionMask = 2147483647;
			files = (
				D931593721008001009EC4D4 /* LaunchScreen.storyboard in Resources */,
				D9116BCD2201C49D00EBDA40 /* Common(zh-Hant).md in Resources */,
				D93159442100A15F009EC4D4 /* Regular(en).md in Resources */,
				D9116BCF2201C4A700EBDA40 /* Common(en).md in Resources */,
				D9ABF5E22141641100678210 /* Shorthand(zh-Hant).md in Resources */,
				D9116BCB2201C49300EBDA40 /* Common(zh-Hans).md in Resources */,
				D9315942210080DA009EC4D4 /* Regular(zh-Hans).md in Resources */,
				D9E81110214A9B6000362E48 /* Begins(zh-Hant).md in Resources */,
				D931593421008001009EC4D4 /* Assets.xcassets in Resources */,
				D906D6B6213E6AB700845816 /* Shorthand(en).md in Resources */,
				D9E8110E214A9B1800362E48 /* Regular(zh-Hant).md in Resources */,
				D906D6B8213E6AC300845816 /* Shorthand(zh-Hans).md in Resources */,
				D931593221008000009EC4D4 /* Main.storyboard in Resources */,
			);
			runOnlyForDeploymentPostprocessing = 0;
		};
/* End PBXResourcesBuildPhase section */

/* Begin PBXSourcesBuildPhase section */
		D931592521007FFF009EC4D4 /* Sources */ = {
			isa = PBXSourcesBuildPhase;
			buildActionMask = 2147483647;
			files = (
				D931592F21008000009EC4D4 /* ViewController.swift in Sources */,
				D931592D21008000009EC4D4 /* AppDelegate.swift in Sources */,
			);
			runOnlyForDeploymentPostprocessing = 0;
		};
/* End PBXSourcesBuildPhase section */

/* Begin PBXVariantGroup section */
		D931593021008000009EC4D4 /* Main.storyboard */ = {
			isa = PBXVariantGroup;
			children = (
				D931593121008000009EC4D4 /* Base */,
			);
			name = Main.storyboard;
			sourceTree = "<group>";
		};
		D931593521008001009EC4D4 /* LaunchScreen.storyboard */ = {
			isa = PBXVariantGroup;
			children = (
				D931593621008001009EC4D4 /* Base */,
			);
			name = LaunchScreen.storyboard;
			sourceTree = "<group>";
		};
/* End PBXVariantGroup section */

/* Begin XCBuildConfiguration section */
		D931593921008001009EC4D4 /* Debug */ = {
			isa = XCBuildConfiguration;
			buildSettings = {
				ALWAYS_SEARCH_USER_PATHS = NO;
				CLANG_ANALYZER_NONNULL = YES;
				CLANG_ANALYZER_NUMBER_OBJECT_CONVERSION = YES_AGGRESSIVE;
				CLANG_CXX_LANGUAGE_STANDARD = "gnu++14";
				CLANG_CXX_LIBRARY = "libc++";
				CLANG_ENABLE_MODULES = YES;
				CLANG_ENABLE_OBJC_ARC = YES;
				CLANG_ENABLE_OBJC_WEAK = YES;
				CLANG_WARN_BLOCK_CAPTURE_AUTORELEASING = YES;
				CLANG_WARN_BOOL_CONVERSION = YES;
				CLANG_WARN_COMMA = YES;
				CLANG_WARN_CONSTANT_CONVERSION = YES;
				CLANG_WARN_DEPRECATED_OBJC_IMPLEMENTATIONS = YES;
				CLANG_WARN_DIRECT_OBJC_ISA_USAGE = YES_ERROR;
				CLANG_WARN_DOCUMENTATION_COMMENTS = YES;
				CLANG_WARN_EMPTY_BODY = YES;
				CLANG_WARN_ENUM_CONVERSION = YES;
				CLANG_WARN_INFINITE_RECURSION = YES;
				CLANG_WARN_INT_CONVERSION = YES;
				CLANG_WARN_NON_LITERAL_NULL_CONVERSION = YES;
				CLANG_WARN_OBJC_IMPLICIT_RETAIN_SELF = YES;
				CLANG_WARN_OBJC_LITERAL_CONVERSION = YES;
				CLANG_WARN_OBJC_ROOT_CLASS = YES_ERROR;
				CLANG_WARN_RANGE_LOOP_ANALYSIS = YES;
				CLANG_WARN_STRICT_PROTOTYPES = YES;
				CLANG_WARN_SUSPICIOUS_MOVE = YES;
				CLANG_WARN_UNGUARDED_AVAILABILITY = YES_AGGRESSIVE;
				CLANG_WARN_UNREACHABLE_CODE = YES;
				CLANG_WARN__DUPLICATE_METHOD_MATCH = YES;
				CODE_SIGN_IDENTITY = "iPhone Developer";
				COPY_PHASE_STRIP = NO;
				DEBUG_INFORMATION_FORMAT = dwarf;
				ENABLE_STRICT_OBJC_MSGSEND = YES;
				ENABLE_TESTABILITY = YES;
				GCC_C_LANGUAGE_STANDARD = gnu11;
				GCC_DYNAMIC_NO_PIC = NO;
				GCC_NO_COMMON_BLOCKS = YES;
				GCC_OPTIMIZATION_LEVEL = 0;
				GCC_PREPROCESSOR_DEFINITIONS = (
					"DEBUG=1",
					"$(inherited)",
				);
				GCC_WARN_64_TO_32_BIT_CONVERSION = YES;
				GCC_WARN_ABOUT_RETURN_TYPE = YES_ERROR;
				GCC_WARN_UNDECLARED_SELECTOR = YES;
				GCC_WARN_UNINITIALIZED_AUTOS = YES_AGGRESSIVE;
				GCC_WARN_UNUSED_FUNCTION = YES;
				GCC_WARN_UNUSED_VARIABLE = YES;
				IPHONEOS_DEPLOYMENT_TARGET = 11.4;
				MTL_ENABLE_DEBUG_INFO = YES;
				ONLY_ACTIVE_ARCH = YES;
				SDKROOT = iphoneos;
				SWIFT_ACTIVE_COMPILATION_CONDITIONS = DEBUG;
				SWIFT_OPTIMIZATION_LEVEL = "-Onone";
			};
			name = Debug;
		};
		D931593A21008001009EC4D4 /* Release */ = {
			isa = XCBuildConfiguration;
			buildSettings = {
				ALWAYS_SEARCH_USER_PATHS = NO;
				CLANG_ANALYZER_NONNULL = YES;
				CLANG_ANALYZER_NUMBER_OBJECT_CONVERSION = YES_AGGRESSIVE;
				CLANG_CXX_LANGUAGE_STANDARD = "gnu++14";
				CLANG_CXX_LIBRARY = "libc++";
				CLANG_ENABLE_MODULES = YES;
				CLANG_ENABLE_OBJC_ARC = YES;
				CLANG_ENABLE_OBJC_WEAK = YES;
				CLANG_WARN_BLOCK_CAPTURE_AUTORELEASING = YES;
				CLANG_WARN_BOOL_CONVERSION = YES;
				CLANG_WARN_COMMA = YES;
				CLANG_WARN_CONSTANT_CONVERSION = YES;
				CLANG_WARN_DEPRECATED_OBJC_IMPLEMENTATIONS = YES;
				CLANG_WARN_DIRECT_OBJC_ISA_USAGE = YES_ERROR;
				CLANG_WARN_DOCUMENTATION_COMMENTS = YES;
				CLANG_WARN_EMPTY_BODY = YES;
				CLANG_WARN_ENUM_CONVERSION = YES;
				CLANG_WARN_INFINITE_RECURSION = YES;
				CLANG_WARN_INT_CONVERSION = YES;
				CLANG_WARN_NON_LITERAL_NULL_CONVERSION = YES;
				CLANG_WARN_OBJC_IMPLICIT_RETAIN_SELF = YES;
				CLANG_WARN_OBJC_LITERAL_CONVERSION = YES;
				CLANG_WARN_OBJC_ROOT_CLASS = YES_ERROR;
				CLANG_WARN_RANGE_LOOP_ANALYSIS = YES;
				CLANG_WARN_STRICT_PROTOTYPES = YES;
				CLANG_WARN_SUSPICIOUS_MOVE = YES;
				CLANG_WARN_UNGUARDED_AVAILABILITY = YES_AGGRESSIVE;
				CLANG_WARN_UNREACHABLE_CODE = YES;
				CLANG_WARN__DUPLICATE_METHOD_MATCH = YES;
				CODE_SIGN_IDENTITY = "iPhone Developer";
				COPY_PHASE_STRIP = NO;
				DEBUG_INFORMATION_FORMAT = "dwarf-with-dsym";
				ENABLE_NS_ASSERTIONS = NO;
				ENABLE_STRICT_OBJC_MSGSEND = YES;
				GCC_C_LANGUAGE_STANDARD = gnu11;
				GCC_NO_COMMON_BLOCKS = YES;
				GCC_WARN_64_TO_32_BIT_CONVERSION = YES;
				GCC_WARN_ABOUT_RETURN_TYPE = YES_ERROR;
				GCC_WARN_UNDECLARED_SELECTOR = YES;
				GCC_WARN_UNINITIALIZED_AUTOS = YES_AGGRESSIVE;
				GCC_WARN_UNUSED_FUNCTION = YES;
				GCC_WARN_UNUSED_VARIABLE = YES;
				IPHONEOS_DEPLOYMENT_TARGET = 11.4;
				MTL_ENABLE_DEBUG_INFO = NO;
				SDKROOT = iphoneos;
				SWIFT_COMPILATION_MODE = wholemodule;
				SWIFT_OPTIMIZATION_LEVEL = "-O";
				VALIDATE_PRODUCT = YES;
			};
			name = Release;
		};
		D931593C21008001009EC4D4 /* Debug */ = {
			isa = XCBuildConfiguration;
			buildSettings = {
				ASSETCATALOG_COMPILER_APPICON_NAME = AppIcon;
				CODE_SIGN_STYLE = Automatic;
				DEVELOPMENT_TEAM = 4UH48N8U4B;
				INFOPLIST_FILE = Privacy/Info.plist;
				LD_RUNPATH_SEARCH_PATHS = (
					"$(inherited)",
					"@executable_path/Frameworks",
				);
				PRODUCT_BUNDLE_IDENTIFIER = com.zhi.privacy;
				PRODUCT_NAME = "$(TARGET_NAME)";
				SWIFT_VERSION = 4.0;
				TARGETED_DEVICE_FAMILY = "1,2";
			};
			name = Debug;
		};
		D931593D21008001009EC4D4 /* Release */ = {
			isa = XCBuildConfiguration;
			buildSettings = {
				ASSETCATALOG_COMPILER_APPICON_NAME = AppIcon;
				CODE_SIGN_STYLE = Automatic;
				DEVELOPMENT_TEAM = 4UH48N8U4B;
				INFOPLIST_FILE = Privacy/Info.plist;
				LD_RUNPATH_SEARCH_PATHS = (
					"$(inherited)",
					"@executable_path/Frameworks",
				);
				PRODUCT_BUNDLE_IDENTIFIER = com.zhi.privacy;
				PRODUCT_NAME = "$(TARGET_NAME)";
				SWIFT_VERSION = 4.0;
				TARGETED_DEVICE_FAMILY = "1,2";
			};
			name = Release;
		};
/* End XCBuildConfiguration section */

/* Begin XCConfigurationList section */
		D931592421007FFF009EC4D4 /* Build configuration list for PBXProject "Privacy" */ = {
			isa = XCConfigurationList;
			buildConfigurations = (
				D931593921008001009EC4D4 /* Debug */,
				D931593A21008001009EC4D4 /* Release */,
			);
			defaultConfigurationIsVisible = 0;
			defaultConfigurationName = Release;
		};
		D931593B21008001009EC4D4 /* Build configuration list for PBXNativeTarget "Privacy" */ = {
			isa = XCConfigurationList;
			buildConfigurations = (
				D931593C21008001009EC4D4 /* Debug */,
				D931593D21008001009EC4D4 /* Release */,
			);
			defaultConfigurationIsVisible = 0;
			defaultConfigurationName = Release;
		};
/* End XCConfigurationList section */
	};
	rootObject = D931592121007FFF009EC4D4 /* Project object */;
}
